PODS:
  - Alamofire (5.2.2)
  - AlamofireImage (4.1.0):
    - Alamofire (~> 5.1)
  - Cosmos (17.0.0)
  - CropViewController (2.4.0)
  - KeyboardAvoidingView (5.0.1):
    - ViewState (>= 1.0.0)
  - LocusLotrSdk (1.0.0):
    - Alamofire
    - AlamofireImage
    - Cosmos (~> 17.0.0)
    - CropViewController (~> 2.4.0)
    - KeyboardAvoidingView
    - Moya/RxSwift
    - RealmSwift
    - Reusable
    - RxCocoa
    - RxCoreLocation
    - RxRealm
    - RxSwift
  - Moya/Core (14.0.0):
    - Alamofire (~> 5.0)
  - Moya/RxSwift (14.0.0):
    - Moya/Core
    - RxSwift (~> 5.0)
  - Realm (5.4.3):
    - Realm/Headers (= 5.4.3)
  - Realm/Headers (5.4.3)
  - RealmSwift (5.4.3):
    - Realm (= 5.4.3)
  - Reusable (4.1.1):
    - Reusable/Storyboard (= 4.1.1)
    - Reusable/View (= 4.1.1)
  - Reusable/Storyboard (4.1.1)
  - Reusable/View (4.1.1)
  - RxCocoa (5.1.1):
    - RxRelay (~> 5)
    - RxSwift (~> 5)
  - RxCoreLocation (1.5.0):
    - RxCoreLocation/Core (= 1.5.0)
  - RxCoreLocation/Core (1.5.0):
    - RxCocoa (~> 5.1)
    - RxSwift (~> 5.1)
  - RxRealm (3.1.0):
    - RealmSwift (~> 5.2)
    - RxSwift (~> 5.0)
  - RxRelay (5.1.1):
    - RxSwift (~> 5)
  - RxSwift (5.1.1)
  - ViewState (1.0.0)

DEPENDENCIES:
  - "LocusLotrSdk (from `git@github.com:locus-taxy/lotr-sdk-ios.git`)"

SPEC REPOS:
  trunk:
    - Alamofire
    - AlamofireImage
    - Cosmos
    - CropViewController
    - KeyboardAvoidingView
    - Moya
    - Realm
    - RealmSwift
    - Reusable
    - RxCocoa
    - RxCoreLocation
    - RxRealm
    - RxRelay
    - RxSwift
    - ViewState

EXTERNAL SOURCES:
  LocusLotrSdk:
    :git: "git@github.com:locus-taxy/lotr-sdk-ios.git"

CHECKOUT OPTIONS:
  LocusLotrSdk:
    :commit: ffe228fec325bb373eca2e6560ceccdbaba1b41f
    :git: "git@github.com:locus-taxy/lotr-sdk-ios.git"

SPEC CHECKSUMS:
  Alamofire: 814429acc853c6c54ff123fc3d2ef66803823ce0
  AlamofireImage: c4a2ba349885fb3064feb74d2e547bd42ce9be10
  Cosmos: 309e489f21ffc91a1eeecfebef7f817cd2fcfba6
  CropViewController: a090820b15fc3da68e694d7c192a4708c576828b
  KeyboardAvoidingView: ef26d0d7e55ae412e9ef6e02ba84e7540af0ce4e
  LocusLotrSdk: e26577cc1447bbcd55805d97a53da544fa09b62b
  Moya: 5b45dacb75adb009f97fde91c204c1e565d31916
  Realm: e3d5fcc50fd79ddf87a2d86301f6edbf57531f84
  RealmSwift: db608068eccc54bce47928e8118bde13c120c307
  Reusable: 53a9acf5c536f229b31b5865782414b508252ddb
  RxCocoa: 32065309a38d29b5b0db858819b5bf9ef038b601
  RxCoreLocation: 4789d980742b21c087062387f6758b456221fb2f
  RxRealm: 50e5fe5c1f22518205afbb313fbc5580d73bc586
  RxRelay: d77f7d771495f43c556cbc43eebd1bb54d01e8e9
  RxSwift: 81470a2074fa8780320ea5fe4102807cb7118178
  ViewState: 78aa77483e74e592c22e841619b853bc686843be

PODFILE CHECKSUM: 2902c8c11a8ff1cc3e56970e4cfa3983153531e4

COCOAPODS: 1.9.3
